// !$*UTF8*$!
{
	archiveVersion = 1;
	classes = {
	};
	objectVersion = 46;
	objects = {

/* Begin PBXBuildFile section */
		E481B1C31AEC4B0400CCEE3E /* AppDelegate.swift in Sources */ = {isa = PBXBuildFile; fileRef = E481B1C21AEC4B0400CCEE3E /* AppDelegate.swift */; };
		E481B1C51AEC4B0400CCEE3E /* ViewController.swift in Sources */ = {isa = PBXBuildFile; fileRef = E481B1C41AEC4B0400CCEE3E /* ViewController.swift */; };
		E481B1C81AEC4B0400CCEE3E /* Main.storyboard in Resources */ = {isa = PBXBuildFile; fileRef = E481B1C61AEC4B0400CCEE3E /* Main.storyboard */; };
		E481B1CA1AEC4B0500CCEE3E /* Images.xcassets in Resources */ = {isa = PBXBuildFile; fileRef = E481B1C91AEC4B0500CCEE3E /* Images.xcassets */; };
		E481B1CD1AEC4B0500CCEE3E /* LaunchScreen.xib in Resources */ = {isa = PBXBuildFile; fileRef = E481B1CB1AEC4B0500CCEE3E /* LaunchScreen.xib */; };
		E481B1D91AEC4B0500CCEE3E /* objectmapperTestTests.swift in Sources */ = {isa = PBXBuildFile; fileRef = E481B1D81AEC4B0500CCEE3E /* objectmapperTestTests.swift */; };
		E481B1E31AEC4B1400CCEE3E /* User.swift in Sources */ = {isa = PBXBuildFile; fileRef = E481B1E21AEC4B1400CCEE3E /* User.swift */; };
		E481B1E51AEC56B500CCEE3E /* JSONObject.swift in Sources */ = {isa = PBXBuildFile; fileRef = E481B1E41AEC56B500CCEE3E /* JSONObject.swift */; };
		E481B1E71AECDED500CCEE3E /* Product.swift in Sources */ = {isa = PBXBuildFile; fileRef = E481B1E61AECDED500CCEE3E /* Product.swift */; };
		E481B1E91AECF5D500CCEE3E /* Address.swift in Sources */ = {isa = PBXBuildFile; fileRef = E481B1E81AECF5D500CCEE3E /* Address.swift */; };
		E481B1EC1AECFA1500CCEE3E /* NSDate+Extension.swift in Sources */ = {isa = PBXBuildFile; fileRef = E481B1EB1AECFA1500CCEE3E /* NSDate+Extension.swift */; };
		E481B1EE1AED070300CCEE3E /* JSONMappingDefaults.swift in Sources */ = {isa = PBXBuildFile; fileRef = E481B1ED1AED070300CCEE3E /* JSONMappingDefaults.swift */; };
		E481B1F01AED3ECE00CCEE3E /* JsonRequest.swift in Sources */ = {isa = PBXBuildFile; fileRef = E481B1EF1AED3ECE00CCEE3E /* JsonRequest.swift */; };
		E481B1F21AED3EDE00CCEE3E /* swiftyJSON.swift in Sources */ = {isa = PBXBuildFile; fileRef = E481B1F11AED3EDE00CCEE3E /* swiftyJSON.swift */; };
		E481B1F41AED401A00CCEE3E /* Almofire.swift in Sources */ = {isa = PBXBuildFile; fileRef = E481B1F31AED401A00CCEE3E /* Almofire.swift */; };
		E481B1F71AED42AC00CCEE3E /* String+Extension.swift in Sources */ = {isa = PBXBuildFile; fileRef = E481B1F61AED42AC00CCEE3E /* String+Extension.swift */; };
		E4F054DF1AEF914D0063445D /* UIViewController+Extension.swift in Sources */ = {isa = PBXBuildFile; fileRef = E4F054DE1AEF914D0063445D /* UIViewController+Extension.swift */; };
		E4F054E11AEF92080063445D /* UIAlertController+Extension.swift in Sources */ = {isa = PBXBuildFile; fileRef = E4F054E01AEF92080063445D /* UIAlertController+Extension.swift */; };
		E4F054E41AF0CA560063445D /* DateFormat.swift in Sources */ = {isa = PBXBuildFile; fileRef = E4F054E31AF0CA560063445D /* DateFormat.swift */; };
		E4F054E61AF0D1B30063445D /* WebApiDefaults.swift in Sources */ = {isa = PBXBuildFile; fileRef = E4F054E51AF0D1B30063445D /* WebApiDefaults.swift */; };
		E4F054E81AF162470063445D /* WebApiManager.swift in Sources */ = {isa = PBXBuildFile; fileRef = E4F054E71AF162470063445D /* WebApiManager.swift */; };
/* End PBXBuildFile section */

/* Begin PBXContainerItemProxy section */
		E481B1D31AEC4B0500CCEE3E /* PBXContainerItemProxy */ = {
			isa = PBXContainerItemProxy;
			containerPortal = E481B1B51AEC4B0400CCEE3E /* Project object */;
			proxyType = 1;
			remoteGlobalIDString = E481B1BC1AEC4B0400CCEE3E;
			remoteInfo = objectmapperTest;
		};
/* End PBXContainerItemProxy section */

/* Begin PBXFileReference section */
		E481B1BD1AEC4B0400CCEE3E /* objectmapperTest.app */ = {isa = PBXFileReference; explicitFileType = wrapper.application; includeInIndex = 0; path = objectmapperTest.app; sourceTree = BUILT_PRODUCTS_DIR; };
		E481B1C11AEC4B0400CCEE3E /* Info.plist */ = {isa = PBXFileReference; lastKnownFileType = text.plist.xml; path = Info.plist; sourceTree = "<group>"; };
		E481B1C21AEC4B0400CCEE3E /* AppDelegate.swift */ = {isa = PBXFileReference; lastKnownFileType = sourcecode.swift; path = AppDelegate.swift; sourceTree = "<group>"; };
		E481B1C41AEC4B0400CCEE3E /* ViewController.swift */ = {isa = PBXFileReference; lastKnownFileType = sourcecode.swift; path = ViewController.swift; sourceTree = "<group>"; };
		E481B1C71AEC4B0400CCEE3E /* Base */ = {isa = PBXFileReference; lastKnownFileType = file.storyboard; name = Base; path = Base.lproj/Main.storyboard; sourceTree = "<group>"; };
		E481B1C91AEC4B0500CCEE3E /* Images.xcassets */ = {isa = PBXFileReference; lastKnownFileType = folder.assetcatalog; path = Images.xcassets; sourceTree = "<group>"; };
		E481B1CC1AEC4B0500CCEE3E /* Base */ = {isa = PBXFileReference; lastKnownFileType = file.xib; name = Base; path = Base.lproj/LaunchScreen.xib; sourceTree = "<group>"; };
		E481B1D21AEC4B0500CCEE3E /* objectmapperTestTests.xctest */ = {isa = PBXFileReference; explicitFileType = wrapper.cfbundle; includeInIndex = 0; path = objectmapperTestTests.xctest; sourceTree = BUILT_PRODUCTS_DIR; };
		E481B1D71AEC4B0500CCEE3E /* Info.plist */ = {isa = PBXFileReference; lastKnownFileType = text.plist.xml; path = Info.plist; sourceTree = "<group>"; };
		E481B1D81AEC4B0500CCEE3E /* objectmapperTestTests.swift */ = {isa = PBXFileReference; lastKnownFileType = sourcecode.swift; path = objectmapperTestTests.swift; sourceTree = "<group>"; };
		E481B1E21AEC4B1400CCEE3E /* User.swift */ = {isa = PBXFileReference; fileEncoding = 4; lastKnownFileType = sourcecode.swift; path = User.swift; sourceTree = "<group>"; };
		E481B1E41AEC56B500CCEE3E /* JSONObject.swift */ = {isa = PBXFileReference; fileEncoding = 4; lastKnownFileType = sourcecode.swift; path = JSONObject.swift; sourceTree = "<group>"; };
		E481B1E61AECDED500CCEE3E /* Product.swift */ = {isa = PBXFileReference; fileEncoding = 4; lastKnownFileType = sourcecode.swift; path = Product.swift; sourceTree = "<group>"; };
		E481B1E81AECF5D500CCEE3E /* Address.swift */ = {isa = PBXFileReference; fileEncoding = 4; lastKnownFileType = sourcecode.swift; path = Address.swift; sourceTree = "<group>"; };
		E481B1EB1AECFA1500CCEE3E /* NSDate+Extension.swift */ = {isa = PBXFileReference; fileEncoding = 4; lastKnownFileType = sourcecode.swift; path = "NSDate+Extension.swift"; sourceTree = "<group>"; };
		E481B1ED1AED070300CCEE3E /* JSONMappingDefaults.swift */ = {isa = PBXFileReference; fileEncoding = 4; lastKnownFileType = sourcecode.swift; path = JSONMappingDefaults.swift; sourceTree = "<group>"; };
		E481B1EF1AED3ECE00CCEE3E /* JsonRequest.swift */ = {isa = PBXFileReference; fileEncoding = 4; lastKnownFileType = sourcecode.swift; path = JsonRequest.swift; sourceTree = "<group>"; };
		E481B1F11AED3EDE00CCEE3E /* swiftyJSON.swift */ = {isa = PBXFileReference; fileEncoding = 4; lastKnownFileType = sourcecode.swift; path = swiftyJSON.swift; sourceTree = "<group>"; };
		E481B1F31AED401A00CCEE3E /* Almofire.swift */ = {isa = PBXFileReference; fileEncoding = 4; lastKnownFileType = sourcecode.swift; path = Almofire.swift; sourceTree = "<group>"; };
		E481B1F61AED42AC00CCEE3E /* String+Extension.swift */ = {isa = PBXFileReference; fileEncoding = 4; lastKnownFileType = sourcecode.swift; path = "String+Extension.swift"; sourceTree = "<group>"; };
		E4F054DE1AEF914D0063445D /* UIViewController+Extension.swift */ = {isa = PBXFileReference; fileEncoding = 4; lastKnownFileType = sourcecode.swift; path = "UIViewController+Extension.swift"; sourceTree = "<group>"; };
		E4F054E01AEF92080063445D /* UIAlertController+Extension.swift */ = {isa = PBXFileReference; fileEncoding = 4; lastKnownFileType = sourcecode.swift; path = "UIAlertController+Extension.swift"; sourceTree = "<group>"; };
		E4F054E31AF0CA560063445D /* DateFormat.swift */ = {isa = PBXFileReference; fileEncoding = 4; lastKnownFileType = sourcecode.swift; path = DateFormat.swift; sourceTree = "<group>"; };
		E4F054E51AF0D1B30063445D /* WebApiDefaults.swift */ = {isa = PBXFileReference; fileEncoding = 4; lastKnownFileType = sourcecode.swift; path = WebApiDefaults.swift; sourceTree = "<group>"; };
		E4F054E71AF162470063445D /* WebApiManager.swift */ = {isa = PBXFileReference; fileEncoding = 4; lastKnownFileType = sourcecode.swift; path = WebApiManager.swift; sourceTree = "<group>"; };
/* End PBXFileReference section */

/* Begin PBXFrameworksBuildPhase section */
		E481B1BA1AEC4B0400CCEE3E /* Frameworks */ = {
			isa = PBXFrameworksBuildPhase;
			buildActionMask = 2147483647;
			files = (
			);
			runOnlyForDeploymentPostprocessing = 0;
		};
		E481B1CF1AEC4B0500CCEE3E /* Frameworks */ = {
			isa = PBXFrameworksBuildPhase;
			buildActionMask = 2147483647;
			files = (
			);
			runOnlyForDeploymentPostprocessing = 0;
		};
/* End PBXFrameworksBuildPhase section */

/* Begin PBXGroup section */
		E481B1B41AEC4B0400CCEE3E = {
			isa = PBXGroup;
			children = (
				E481B1BF1AEC4B0400CCEE3E /* objectmapperTest */,
				E481B1D51AEC4B0500CCEE3E /* objectmapperTestTests */,
				E481B1BE1AEC4B0400CCEE3E /* Products */,
			);
			sourceTree = "<group>";
		};
		E481B1BE1AEC4B0400CCEE3E /* Products */ = {
			isa = PBXGroup;
			children = (
				E481B1BD1AEC4B0400CCEE3E /* objectmapperTest.app */,
				E481B1D21AEC4B0500CCEE3E /* objectmapperTestTests.xctest */,
			);
			name = Products;
			sourceTree = "<group>";
		};
		E481B1BF1AEC4B0400CCEE3E /* objectmapperTest */ = {
			isa = PBXGroup;
			children = (
				E481B1F51AED429F00CCEE3E /* Extensions */,
				E481B1EA1AECF9EE00CCEE3E /* JSON */,
				E481B1C21AEC4B0400CCEE3E /* AppDelegate.swift */,
				E481B1C41AEC4B0400CCEE3E /* ViewController.swift */,
				E481B1C61AEC4B0400CCEE3E /* Main.storyboard */,
				E481B1C91AEC4B0500CCEE3E /* Images.xcassets */,
				E481B1CB1AEC4B0500CCEE3E /* LaunchScreen.xib */,
				E481B1C01AEC4B0400CCEE3E /* Supporting Files */,
				E481B1E21AEC4B1400CCEE3E /* User.swift */,
				E481B1E61AECDED500CCEE3E /* Product.swift */,
				E481B1E81AECF5D500CCEE3E /* Address.swift */,
			);
			path = objectmapperTest;
			sourceTree = "<group>";
		};
		E481B1C01AEC4B0400CCEE3E /* Supporting Files */ = {
			isa = PBXGroup;
			children = (
				E481B1C11AEC4B0400CCEE3E /* Info.plist */,
			);
			name = "Supporting Files";
			sourceTree = "<group>";
		};
		E481B1D51AEC4B0500CCEE3E /* objectmapperTestTests */ = {
			isa = PBXGroup;
			children = (
				E481B1D81AEC4B0500CCEE3E /* objectmapperTestTests.swift */,
				E481B1D61AEC4B0500CCEE3E /* Supporting Files */,
			);
			path = objectmapperTestTests;
			sourceTree = "<group>";
		};
		E481B1D61AEC4B0500CCEE3E /* Supporting Files */ = {
			isa = PBXGroup;
			children = (
				E481B1D71AEC4B0500CCEE3E /* Info.plist */,
			);
			name = "Supporting Files";
			sourceTree = "<group>";
		};
		E481B1EA1AECF9EE00CCEE3E /* JSON */ = {
			isa = PBXGroup;
			children = (
				E4F054E31AF0CA560063445D /* DateFormat.swift */,
				E4F054E21AF0CA3C0063445D /* Dependencies */,
				E481B1ED1AED070300CCEE3E /* JSONMappingDefaults.swift */,
				E481B1E41AEC56B500CCEE3E /* JSONObject.swift */,
				E481B1EF1AED3ECE00CCEE3E /* JsonRequest.swift */,
				E4F054E51AF0D1B30063445D /* WebApiDefaults.swift */,
				E4F054E71AF162470063445D /* WebApiManager.swift */,
			);
			name = JSON;
			sourceTree = "<group>";
		};
		E481B1F51AED429F00CCEE3E /* Extensions */ = {
			isa = PBXGroup;
			children = (
				E481B1EB1AECFA1500CCEE3E /* NSDate+Extension.swift */,
				E481B1F61AED42AC00CCEE3E /* String+Extension.swift */,
				E4F054DE1AEF914D0063445D /* UIViewController+Extension.swift */,
				E4F054E01AEF92080063445D /* UIAlertController+Extension.swift */,
			);
			name = Extensions;
			sourceTree = "<group>";
		};
		E4F054E21AF0CA3C0063445D /* Dependencies */ = {
			isa = PBXGroup;
			children = (
				E481B1F31AED401A00CCEE3E /* Almofire.swift */,
				E481B1F11AED3EDE00CCEE3E /* swiftyJSON.swift */,
			);
			name = Dependencies;
			sourceTree = "<group>";
		};
/* End PBXGroup section */

/* Begin PBXNativeTarget section */
		E481B1BC1AEC4B0400CCEE3E /* objectmapperTest */ = {
			isa = PBXNativeTarget;
			buildConfigurationList = E481B1DC1AEC4B0500CCEE3E /* Build configuration list for PBXNativeTarget "objectmapperTest" */;
			buildPhases = (
				E481B1B91AEC4B0400CCEE3E /* Sources */,
				E481B1BA1AEC4B0400CCEE3E /* Frameworks */,
				E481B1BB1AEC4B0400CCEE3E /* Resources */,
			);
			buildRules = (
			);
			dependencies = (
			);
			name = objectmapperTest;
			productName = objectmapperTest;
			productReference = E481B1BD1AEC4B0400CCEE3E /* objectmapperTest.app */;
			productType = "com.apple.product-type.application";
		};
		E481B1D11AEC4B0500CCEE3E /* objectmapperTestTests */ = {
			isa = PBXNativeTarget;
			buildConfigurationList = E481B1DF1AEC4B0500CCEE3E /* Build configuration list for PBXNativeTarget "objectmapperTestTests" */;
			buildPhases = (
				E481B1CE1AEC4B0500CCEE3E /* Sources */,
				E481B1CF1AEC4B0500CCEE3E /* Frameworks */,
				E481B1D01AEC4B0500CCEE3E /* Resources */,
			);
			buildRules = (
			);
			dependencies = (
				E481B1D41AEC4B0500CCEE3E /* PBXTargetDependency */,
			);
			name = objectmapperTestTests;
			productName = objectmapperTestTests;
			productReference = E481B1D21AEC4B0500CCEE3E /* objectmapperTestTests.xctest */;
			productType = "com.apple.product-type.bundle.unit-test";
		};
/* End PBXNativeTarget section */

/* Begin PBXProject section */
		E481B1B51AEC4B0400CCEE3E /* Project object */ = {
			isa = PBXProject;
			attributes = {
				LastUpgradeCheck = 0630;
				ORGANIZATIONNAME = "Alex Bechmann";
				TargetAttributes = {
					E481B1BC1AEC4B0400CCEE3E = {
						CreatedOnToolsVersion = 6.3;
					};
					E481B1D11AEC4B0500CCEE3E = {
						CreatedOnToolsVersion = 6.3;
						TestTargetID = E481B1BC1AEC4B0400CCEE3E;
					};
				};
			};
			buildConfigurationList = E481B1B81AEC4B0400CCEE3E /* Build configuration list for PBXProject "objectmapperTest" */;
			compatibilityVersion = "Xcode 3.2";
			developmentRegion = English;
			hasScannedForEncodings = 0;
			knownRegions = (
				en,
				Base,
			);
			mainGroup = E481B1B41AEC4B0400CCEE3E;
			productRefGroup = E481B1BE1AEC4B0400CCEE3E /* Products */;
			projectDirPath = "";
			projectRoot = "";
			targets = (
				E481B1BC1AEC4B0400CCEE3E /* objectmapperTest */,
				E481B1D11AEC4B0500CCEE3E /* objectmapperTestTests */,
			);
		};
/* End PBXProject section */

/* Begin PBXResourcesBuildPhase section */
		E481B1BB1AEC4B0400CCEE3E /* Resources */ = {
			isa = PBXResourcesBuildPhase;
			buildActionMask = 2147483647;
			files = (
				E481B1C81AEC4B0400CCEE3E /* Main.storyboard in Resources */,
				E481B1CD1AEC4B0500CCEE3E /* LaunchScreen.xib in Resources */,
				E481B1CA1AEC4B0500CCEE3E /* Images.xcassets in Resources */,
			);
			runOnlyForDeploymentPostprocessing = 0;
		};
		E481B1D01AEC4B0500CCEE3E /* Resources */ = {
			isa = PBXResourcesBuildPhase;
			buildActionMask = 2147483647;
			files = (
			);
			runOnlyForDeploymentPostprocessing = 0;
		};
/* End PBXResourcesBuildPhase section */

/* Begin PBXSourcesBuildPhase section */
		E481B1B91AEC4B0400CCEE3E /* Sources */ = {
			isa = PBXSourcesBuildPhase;
			buildActionMask = 2147483647;
			files = (
				E481B1E91AECF5D500CCEE3E /* Address.swift in Sources */,
				E4F054DF1AEF914D0063445D /* UIViewController+Extension.swift in Sources */,
				E481B1E51AEC56B500CCEE3E /* JSONObject.swift in Sources */,
				E4F054E81AF162470063445D /* WebApiManager.swift in Sources */,
				E481B1EE1AED070300CCEE3E /* JSONMappingDefaults.swift in Sources */,
				E481B1F21AED3EDE00CCEE3E /* swiftyJSON.swift in Sources */,
				E481B1F71AED42AC00CCEE3E /* String+Extension.swift in Sources */,
				E481B1C51AEC4B0400CCEE3E /* ViewController.swift in Sources */,
				E4F054E61AF0D1B30063445D /* WebApiDefaults.swift in Sources */,
				E481B1E71AECDED500CCEE3E /* Product.swift in Sources */,
				E4F054E41AF0CA560063445D /* DateFormat.swift in Sources */,
				E4F054E11AEF92080063445D /* UIAlertController+Extension.swift in Sources */,
				E481B1C31AEC4B0400CCEE3E /* AppDelegate.swift in Sources */,
				E481B1E31AEC4B1400CCEE3E /* User.swift in Sources */,
				E481B1F41AED401A00CCEE3E /* Almofire.swift in Sources */,
				E481B1EC1AECFA1500CCEE3E /* NSDate+Extension.swift in Sources */,
				E481B1F01AED3ECE00CCEE3E /* JsonRequest.swift in Sources */,
			);
			runOnlyForDeploymentPostprocessing = 0;
		};
		E481B1CE1AEC4B0500CCEE3E /* Sources */ = {
			isa = PBXSourcesBuildPhase;
			buildActionMask = 2147483647;
			files = (
				E481B1D91AEC4B0500CCEE3E /* objectmapperTestTests.swift in Sources */,
			);
			runOnlyForDeploymentPostprocessing = 0;
		};
/* End PBXSourcesBuildPhase section */

/* Begin PBXTargetDependency section */
		E481B1D41AEC4B0500CCEE3E /* PBXTargetDependency */ = {
			isa = PBXTargetDependency;
			target = E481B1BC1AEC4B0400CCEE3E /* objectmapperTest */;
			targetProxy = E481B1D31AEC4B0500CCEE3E /* PBXContainerItemProxy */;
		};
/* End PBXTargetDependency section */

/* Begin PBXVariantGroup section */
		E481B1C61AEC4B0400CCEE3E /* Main.storyboard */ = {
			isa = PBXVariantGroup;
			children = (
				E481B1C71AEC4B0400CCEE3E /* Base */,
			);
			name = Main.storyboard;
			sourceTree = "<group>";
		};
		E481B1CB1AEC4B0500CCEE3E /* LaunchScreen.xib */ = {
			isa = PBXVariantGroup;
			children = (
				E481B1CC1AEC4B0500CCEE3E /* Base */,
			);
			name = LaunchScreen.xib;
			sourceTree = "<group>";
		};
/* End PBXVariantGroup section */

/* Begin XCBuildConfiguration section */
		E481B1DA1AEC4B0500CCEE3E /* Debug */ = {
			isa = XCBuildConfiguration;
			buildSettings = {
				ALWAYS_SEARCH_USER_PATHS = NO;
				CLANG_CXX_LANGUAGE_STANDARD = "gnu++0x";
				CLANG_CXX_LIBRARY = "libc++";
				CLANG_ENABLE_MODULES = YES;
				CLANG_ENABLE_OBJC_ARC = YES;
				CLANG_WARN_BOOL_CONVERSION = YES;
				CLANG_WARN_CONSTANT_CONVERSION = YES;
				CLANG_WARN_DIRECT_OBJC_ISA_USAGE = YES_ERROR;
				CLANG_WARN_EMPTY_BODY = YES;
				CLANG_WARN_ENUM_CONVERSION = YES;
				CLANG_WARN_INT_CONVERSION = YES;
				CLANG_WARN_OBJC_ROOT_CLASS = YES_ERROR;
				CLANG_WARN_UNREACHABLE_CODE = YES;
				CLANG_WARN__DUPLICATE_METHOD_MATCH = YES;
				"CODE_SIGN_IDENTITY[sdk=iphoneos*]" = "iPhone Developer";
				COPY_PHASE_STRIP = NO;
				DEBUG_INFORMATION_FORMAT = "dwarf-with-dsym";
				ENABLE_STRICT_OBJC_MSGSEND = YES;
				GCC_C_LANGUAGE_STANDARD = gnu99;
				GCC_DYNAMIC_NO_PIC = NO;
				GCC_NO_COMMON_BLOCKS = YES;
				GCC_OPTIMIZATION_LEVEL = 0;
				GCC_PREPROCESSOR_DEFINITIONS = (
					"DEBUG=1",
					"$(inherited)",
				);
				GCC_SYMBOLS_PRIVATE_EXTERN = NO;
				GCC_WARN_64_TO_32_BIT_CONVERSION = YES;
				GCC_WARN_ABOUT_RETURN_TYPE = YES_ERROR;
				GCC_WARN_UNDECLARED_SELECTOR = YES;
				GCC_WARN_UNINITIALIZED_AUTOS = YES_AGGRESSIVE;
				GCC_WARN_UNUSED_FUNCTION = YES;
				GCC_WARN_UNUSED_VARIABLE = YES;
				IPHONEOS_DEPLOYMENT_TARGET = 8.3;
				MTL_ENABLE_DEBUG_INFO = YES;
				ONLY_ACTIVE_ARCH = YES;
				SDKROOT = iphoneos;
				SWIFT_OPTIMIZATION_LEVEL = "-Onone";
				TARGETED_DEVICE_FAMILY = "1,2";
			};
			name = Debug;
		};
		E481B1DB1AEC4B0500CCEE3E /* Release */ = {
			isa = XCBuildConfiguration;
			buildSettings = {
				ALWAYS_SEARCH_USER_PATHS = NO;
				CLANG_CXX_LANGUAGE_STANDARD = "gnu++0x";
				CLANG_CXX_LIBRARY = "libc++";
				CLANG_ENABLE_MODULES = YES;
				CLANG_ENABLE_OBJC_ARC = YES;
				CLANG_WARN_BOOL_CONVERSION = YES;
				CLANG_WARN_CONSTANT_CONVERSION = YES;
				CLANG_WARN_DIRECT_OBJC_ISA_USAGE = YES_ERROR;
				CLANG_WARN_EMPTY_BODY = YES;
				CLANG_WARN_ENUM_CONVERSION = YES;
				CLANG_WARN_INT_CONVERSION = YES;
				CLANG_WARN_OBJC_ROOT_CLASS = YES_ERROR;
				CLANG_WARN_UNREACHABLE_CODE = YES;
				CLANG_WARN__DUPLICATE_METHOD_MATCH = YES;
				"CODE_SIGN_IDENTITY[sdk=iphoneos*]" = "iPhone Developer";
				COPY_PHASE_STRIP = NO;
				DEBUG_INFORMATION_FORMAT = "dwarf-with-dsym";
				ENABLE_NS_ASSERTIONS = NO;
				ENABLE_STRICT_OBJC_MSGSEND = YES;
				GCC_C_LANGUAGE_STANDARD = gnu99;
				GCC_NO_COMMON_BLOCKS = YES;
				GCC_WARN_64_TO_32_BIT_CONVERSION = YES;
				GCC_WARN_ABOUT_RETURN_TYPE = YES_ERROR;
				GCC_WARN_UNDECLARED_SELECTOR = YES;
				GCC_WARN_UNINITIALIZED_AUTOS = YES_AGGRESSIVE;
				GCC_WARN_UNUSED_FUNCTION = YES;
				GCC_WARN_UNUSED_VARIABLE = YES;
				IPHONEOS_DEPLOYMENT_TARGET = 8.3;
				MTL_ENABLE_DEBUG_INFO = NO;
				SDKROOT = iphoneos;
				TARGETED_DEVICE_FAMILY = "1,2";
				VALIDATE_PRODUCT = YES;
			};
			name = Release;
		};
		E481B1DD1AEC4B0500CCEE3E /* Debug */ = {
			isa = XCBuildConfiguration;
			buildSettings = {
				ASSETCATALOG_COMPILER_APPICON_NAME = AppIcon;
				INFOPLIST_FILE = objectmapperTest/Info.plist;
				LD_RUNPATH_SEARCH_PATHS = "$(inherited) @executable_path/Frameworks";
				PRODUCT_NAME = "$(TARGET_NAME)";
			};
			name = Debug;
		};
		E481B1DE1AEC4B0500CCEE3E /* Release */ = {
			isa = XCBuildConfiguration;
			buildSettings = {
				ASSETCATALOG_COMPILER_APPICON_NAME = AppIcon;
				INFOPLIST_FILE = objectmapperTest/Info.plist;
				LD_RUNPATH_SEARCH_PATHS = "$(inherited) @executable_path/Frameworks";
				PRODUCT_NAME = "$(TARGET_NAME)";
			};
			name = Release;
		};
		E481B1E01AEC4B0500CCEE3E /* Debug */ = {
			isa = XCBuildConfiguration;
			buildSettings = {
				BUNDLE_LOADER = "$(TEST_HOST)";
				FRAMEWORK_SEARCH_PATHS = (
					"$(SDKROOT)/Developer/Library/Frameworks",
					"$(inherited)",
				);
				GCC_PREPROCESSOR_DEFINITIONS = (
					"DEBUG=1",
					"$(inherited)",
				);
				INFOPLIST_FILE = objectmapperTestTests/Info.plist;
				LD_RUNPATH_SEARCH_PATHS = "$(inherited) @executable_path/Frameworks @loader_path/Frameworks";
				PRODUCT_NAME = "$(TARGET_NAME)";
				TEST_HOST = "$(BUILT_PRODUCTS_DIR)/objectmapperTest.app/objectmapperTest";
			};
			name = Debug;
		};
		E481B1E11AEC4B0500CCEE3E /* Release */ = {
			isa = XCBuildConfiguration;
			buildSettings = {
				BUNDLE_LOADER = "$(TEST_HOST)";
				FRAMEWORK_SEARCH_PATHS = (
					"$(SDKROOT)/Developer/Library/Frameworks",
					"$(inherited)",
				);
				INFOPLIST_FILE = objectmapperTestTests/Info.plist;
				LD_RUNPATH_SEARCH_PATHS = "$(inherited) @executable_path/Frameworks @loader_path/Frameworks";
				PRODUCT_NAME = "$(TARGET_NAME)";
				TEST_HOST = "$(BUILT_PRODUCTS_DIR)/objectmapperTest.app/objectmapperTest";
			};
			name = Release;
		};
/* End XCBuildConfiguration section */

/* Begin XCConfigurationList section */
		E481B1B81AEC4B0400CCEE3E /* Build configuration list for PBXProject "objectmapperTest" */ = {
			isa = XCConfigurationList;
			buildConfigurations = (
				E481B1DA1AEC4B0500CCEE3E /* Debug */,
				E481B1DB1AEC4B0500CCEE3E /* Release */,
			);
			defaultConfigurationIsVisible = 0;
			defaultConfigurationName = Release;
		};
		E481B1DC1AEC4B0500CCEE3E /* Build configuration list for PBXNativeTarget "objectmapperTest" */ = {
			isa = XCConfigurationList;
			buildConfigurations = (
				E481B1DD1AEC4B0500CCEE3E /* Debug */,
				E481B1DE1AEC4B0500CCEE3E /* Release */,
			);
			defaultConfigurationIsVisible = 0;
			defaultConfigurationName = Release;
		};
		E481B1DF1AEC4B0500CCEE3E /* Build configuration list for PBXNativeTarget "objectmapperTestTests" */ = {
			isa = XCConfigurationList;
			buildConfigurations = (
				E481B1E01AEC4B0500CCEE3E /* Debug */,
				E481B1E11AEC4B0500CCEE3E /* Release */,
			);
			defaultConfigurationIsVisible = 0;
			defaultConfigurationName = Release;
		};
/* End XCConfigurationList section */
	};
	rootObject = E481B1B51AEC4B0400CCEE3E /* Project object */;
}
